
Microsoft Visual Studio Solution File, Format Version 12.00
# Visual Studio Version 17
VisualStudioVersion = 17.10.35013.160
MinimumVisualStudioVersion = 10.0.40219.1
Project("{FAE04EC0-301F-11D3-BF4B-00C04F79EFBC}") = "DumpGuard", "DumpGuard\DumpGuard.csproj", "{FC4DC47E-81D5-49B4-AA3A-EE7B59A6F9EE}"
EndProject
Project("{8BC9CEB8-8B4A-11D0-8D11-00A0C91BC942}") = "DumpGuardLib", "DumpGuardLib\DumpGuardLib.vcxproj", "{5509DF94-0E45-4ABC-B7B5-06382930BECD}"
EndProject
Global
	GlobalSection(SolutionConfigurationPlatforms) = preSolution
		Debug|Any CPU = Debug|Any CPU
		Debug|x64 = Debug|x64
		Debug|x86 = Debug|x86
		Release|Any CPU = Release|Any CPU
		Release|x64 = Release|x64
		Release|x86 = Release|x86
	EndGlobalSection
	GlobalSection(ProjectConfigurationPlatforms) = postSolution
		{FC4DC47E-81D5-49B4-AA3A-EE7B59A6F9EE}.Debug|Any CPU.ActiveCfg = Debug|Any CPU
		{FC4DC47E-81D5-49B4-AA3A-EE7B59A6F9EE}.Debug|Any CPU.Build.0 = Debug|Any CPU
		{FC4DC47E-81D5-49B4-AA3A-EE7B59A6F9EE}.Debug|x64.ActiveCfg = Debug|Any CPU
		{FC4DC47E-81D5-49B4-AA3A-EE7B59A6F9EE}.Debug|x64.Build.0 = Debug|Any CPU
		{FC4DC47E-81D5-49B4-AA3A-EE7B59A6F9EE}.Debug|x86.ActiveCfg = Debug|Any CPU
		{FC4DC47E-81D5-49B4-AA3A-EE7B59A6F9EE}.Debug|x86.Build.0 = Debug|Any CPU
		{FC4DC47E-81D5-49B4-AA3A-EE7B59A6F9EE}.Release|Any CPU.ActiveCfg = Release|Any CPU
		{FC4DC47E-81D5-49B4-AA3A-EE7B59A6F9EE}.Release|Any CPU.Build.0 = Release|Any CPU
		{FC4DC47E-81D5-49B4-AA3A-EE7B59A6F9EE}.Release|x64.ActiveCfg = Release|Any CPU
		{FC4DC47E-81D5-49B4-AA3A-EE7B59A6F9EE}.Release|x64.Build.0 = Release|Any CPU
		{FC4DC47E-81D5-49B4-AA3A-EE7B59A6F9EE}.Release|x86.ActiveCfg = Release|Any CPU
		{FC4DC47E-81D5-49B4-AA3A-EE7B59A6F9EE}.Release|x86.Build.0 = Release|Any CPU
		{5509DF94-0E45-4ABC-B7B5-06382930BECD}.Debug|Any CPU.ActiveCfg = Debug|x64
		{5509DF94-0E45-4ABC-B7B5-06382930BECD}.Debug|Any CPU.Build.0 = Debug|x64
		{5509DF94-0E45-4ABC-B7B5-06382930BECD}.Debug|x64.ActiveCfg = Debug|x64
		{5509DF94-0E45-4ABC-B7B5-06382930BECD}.Debug|x64.Build.0 = Debug|x64
		{5509DF94-0E45-4ABC-B7B5-06382930BECD}.Debug|x86.ActiveCfg = Debug|Win32
		{5509DF94-0E45-4ABC-B7B5-06382930BECD}.Debug|x86.Build.0 = Debug|Win32
		{5509DF94-0E45-4ABC-B7B5-06382930BECD}.Release|Any CPU.ActiveCfg = Release|x64
		{5509DF94-0E45-4ABC-B7B5-06382930BECD}.Release|Any CPU.Build.0 = Release|x64
		{5509DF94-0E45-4ABC-B7B5-06382930BECD}.Release|x64.ActiveCfg = Release|x64
		{5509DF94-0E45-4ABC-B7B5-06382930BECD}.Release|x64.Build.0 = Release|x64
		{5509DF94-0E45-4ABC-B7B5-06382930BECD}.Release|x86.ActiveCfg = Release|Win32
		{5509DF94-0E45-4ABC-B7B5-06382930BECD}.Release|x86.Build.0 = Release|Win32
	EndGlobalSection
	GlobalSection(SolutionProperties) = preSolution
		HideSolutionNode = FALSE
	EndGlobalSection
	GlobalSection(ExtensibilityGlobals) = postSolution
		SolutionGuid = {F1BEC698-6CB0-40F3-B2BA-B4EAF5324610}
	EndGlobalSection
EndGlobal
