<?xml version="1.0" encoding="utf-8"?>
<Project ToolsVersion="4.0" xmlns="http://schemas.microsoft.com/developer/msbuild/2003">
  <ItemGroup>
    <ClCompile Include="dllmain.c" />
    <ClCompile Include="msasn1.c">
      <Filter>ASN.1\base</Filter>
    </ClCompile>
    <ClCompile Include="krb5asn1.c">
      <Filter>ASN.1\krb5</Filter>
    </ClCompile>
    <ClCompile Include="tssspasn1.c">
      <Filter>ASN.1\tsssp</Filter>
    </ClCompile>
    <ClCompile Include="spnegoasn1.c">
      <Filter>ASN.1\spnego</Filter>
    </ClCompile>
    <ClCompile Include="gssapi.c">
      <Filter>ASN.1\gssapi</Filter>
    </ClCompile>
    <ClCompile Include="RemoteGuardCallIds_i.c">
      <Filter>RPC Pickling\base</Filter>
    </ClCompile>
    <ClCompile Include="NtlmCredIsoRemote_c.c">
      <Filter>RPC Pickling\ntlm</Filter>
    </ClCompile>
    <ClCompile Include="NtlmCredIsoRemote_s.c">
      <Filter>RPC Pickling\ntlm</Filter>
    </ClCompile>
    <ClCompile Include="NtlmPickling.c">
      <Filter>RPC Pickling\ntlm</Filter>
    </ClCompile>
  </ItemGroup>
  <ItemGroup>
    <Filter Include="ASN.1">
      <UniqueIdentifier>{54a56596-ecf1-41f7-8c46-dbe3afdd8ac1}</UniqueIdentifier>
    </Filter>
    <Filter Include="ASN.1\base">
      <UniqueIdentifier>{d3df63b0-47e3-48b1-bcce-f8530f41dd91}</UniqueIdentifier>
    </Filter>
    <Filter Include="ASN.1\krb5">
      <UniqueIdentifier>{1bba7bb8-a831-4e4b-ab5c-89066584866e}</UniqueIdentifier>
    </Filter>
    <Filter Include="ASN.1\tsssp">
      <UniqueIdentifier>{4de050e9-a36f-4a79-ae4a-968bac10bbc1}</UniqueIdentifier>
    </Filter>
    <Filter Include="ASN.1\spnego">
      <UniqueIdentifier>{82b6e25c-e87f-4272-916e-6ed32e98d624}</UniqueIdentifier>
    </Filter>
    <Filter Include="ASN.1\gssapi">
      <UniqueIdentifier>{46b6856c-2142-4097-8d2e-bfee41682a15}</UniqueIdentifier>
    </Filter>
    <Filter Include="RPC Pickling">
      <UniqueIdentifier>{a1052069-fd0f-47b2-b38a-74bd45ba8f04}</UniqueIdentifier>
    </Filter>
    <Filter Include="RPC Pickling\ntlm">
      <UniqueIdentifier>{8abf5f5c-f03a-42ff-957e-685310ff57ce}</UniqueIdentifier>
    </Filter>
    <Filter Include="RPC Pickling\ntlm\midl">
      <UniqueIdentifier>{10f48a6d-4f95-4cbe-91b8-c80ef292dc39}</UniqueIdentifier>
    </Filter>
    <Filter Include="RPC Pickling\base">
      <UniqueIdentifier>{a34f7e86-0aec-4e42-b557-c59fe1ef1e5f}</UniqueIdentifier>
    </Filter>
    <Filter Include="RPC Pickling\base\midl">
      <UniqueIdentifier>{bedf70b6-2494-4b06-9c19-bc27d685fa17}</UniqueIdentifier>
    </Filter>
    <Filter Include="RPC Pickling\base types">
      <UniqueIdentifier>{e8f66a3b-63d1-4215-8ce8-c2ba903ac4a2}</UniqueIdentifier>
    </Filter>
    <Filter Include="RPC Pickling\base types\midl">
      <UniqueIdentifier>{7c02b50c-ccc8-42a5-a1e1-544e7a569854}</UniqueIdentifier>
    </Filter>
  </ItemGroup>
  <ItemGroup>
    <None Include="msasn1.h">
      <Filter>ASN.1\base</Filter>
    </None>
    <None Include="exports.def" />
    <None Include="NtlmCredIsoRemote.acf">
      <Filter>RPC Pickling\ntlm\midl</Filter>
    </None>
  </ItemGroup>
  <ItemGroup>
    <ClInclude Include="krb5asn1.h">
      <Filter>ASN.1\krb5</Filter>
    </ClInclude>
    <ClInclude Include="tssspasn1.h">
      <Filter>ASN.1\tsssp</Filter>
    </ClInclude>
    <ClInclude Include="spnegoasn1.h">
      <Filter>ASN.1\spnego</Filter>
    </ClInclude>
    <ClInclude Include="gssapi.h">
      <Filter>ASN.1\gssapi</Filter>
    </ClInclude>
    <ClInclude Include="BaseTypes.h">
      <Filter>RPC Pickling\base types</Filter>
    </ClInclude>
    <ClInclude Include="RemoteGuardCallIds.h">
      <Filter>RPC Pickling\base</Filter>
    </ClInclude>
    <ClInclude Include="NtlmCredIsoRemote_h.h">
      <Filter>RPC Pickling\ntlm</Filter>
    </ClInclude>
  </ItemGroup>
  <ItemGroup>
    <Midl Include="NtlmCredIsoRemote.idl">
      <Filter>RPC Pickling\ntlm\midl</Filter>
    </Midl>
    <Midl Include="RemoteGuardCallIds.idl">
      <Filter>RPC Pickling\base\midl</Filter>
    </Midl>
    <Midl Include="BaseTypes.idl">
      <Filter>RPC Pickling\base types\midl</Filter>
    </Midl>
  </ItemGroup>
</Project>